
Microsoft Visual Studio Solution File, Format Version 12.00
# Visual Studio 15
VisualStudioVersion = 15.0.28307.1500
MinimumVisualStudioVersion = 10.0.40219.1
Project("{FAE04EC0-301F-11D3-BF4B-00C04F79EFBC}") = "Diameter_Checker", "Diameter_Checker\Diameter_Checker.csproj", "{CFADD8BD-D80A-4157-A1C9-FA324955EE3B}"
EndProject
Global
	GlobalSection(SolutionConfigurationPlatforms) = preSolution
		Debug|Any CPU = Debug|Any CPU
		Release|Any CPU = Release|Any CPU
	EndGlobalSection
	GlobalSection(ProjectConfigurationPlatforms) = postSolution
		{CFADD8BD-D80A-4157-A1C9-FA324955EE3B}.Debug|Any CPU.ActiveCfg = Debug|Any CPU
		{CFADD8BD-D80A-4157-A1C9-FA324955EE3B}.Debug|Any CPU.Build.0 = Debug|Any CPU
		{CFADD8BD-D80A-4157-A1C9-FA324955EE3B}.Release|Any CPU.ActiveCfg = Release|Any CPU
		{CFADD8BD-D80A-4157-A1C9-FA324955EE3B}.Release|Any CPU.Build.0 = Release|Any CPU
	EndGlobalSection
	GlobalSection(SolutionProperties) = preSolution
		HideSolutionNode = FALSE
	EndGlobalSection
	GlobalSection(ExtensibilityGlobals) = postSolution
		SolutionGuid = {D2CF0B25-2DA8-4652-8BEE-211806B6A1DA}
	EndGlobalSection
EndGlobal
